// !$*UTF8*$!
{
	archiveVersion = 1;
	classes = {
	};
	objectVersion = 77;
	objects = {

/* Begin PBXBuildFile section */
		A1B2C3D4E5F6000000000001 /* SPDFVCore in Frameworks */ = {isa = PBXBuildFile; productRef = A1B2C3D4E5F6000000000003 /* SPDFVCore */; };
		B50000000000000000000004 /* SPDFVCore in Frameworks */ = {isa = PBXBuildFile; productRef = A1B2C3D4E5F6000000000003 /* SPDFVCore */; };
		B5000000000000000000000C /* LICENSE in Resources */ = {isa = PBXBuildFile; fileRef = B5000000000000000000000B /* LICENSE */; };
		B5000000000000000000000D /* LICENSE in Resources */ = {isa = PBXBuildFile; fileRef = B5000000000000000000000B /* LICENSE */; };
		D10000000000000000000002 /* SPDFVCore in Frameworks */ = {isa = PBXBuildFile; productRef = A1B2C3D4E5F6000000000003 /* SPDFVCore */; };
		D10000000000000000000003 /* SPDFVQueueRunner in Copy Queue Runner */ = {isa = PBXBuildFile; fileRef = D10000000000000000000001 /* SPDFVQueueRunner */; settings = {ATTRIBUTES = (CodeSignOnCopy, ); }; };
		D10000000000000000000005 /* SPDFV/com.x3nllc.SPDFV.QueueRunner.plist in Copy Launch Agent */ = {isa = PBXBuildFile; fileRef = D10000000000000000000004 /* SPDFV/com.x3nllc.SPDFV.QueueRunner.plist */; };
		E20000000000000000000001 /* Sparkle in Frameworks */ = {isa = PBXBuildFile; productRef = E20000000000000000000002 /* Sparkle */; };
/* End PBXBuildFile section */

/* Begin PBXContainerItemProxy section */
		A40000000000000000000007 /* PBXContainerItemProxy */ = {
			isa = PBXContainerItemProxy;
			containerPortal = C9F489293043730A00732C4A /* Project object */;
			proxyType = 1;
			remoteGlobalIDString = C9F489303043730A00732C4A;
			remoteInfo = SPDFV;
		};
		D10000000000000000000016 /* PBXContainerItemProxy */ = {
			isa = PBXContainerItemProxy;
			containerPortal = C9F489293043730A00732C4A /* Project object */;
			proxyType = 1;
			remoteGlobalIDString = D10000000000000000000010;
			remoteInfo = SPDFVQueueRunner;
		};
		F30000000000000000000007 /* PBXContainerItemProxy */ = {
			isa = PBXContainerItemProxy;
			containerPortal = C9F489293043730A00732C4A /* Project object */;
			proxyType = 1;
			remoteGlobalIDString = C9F489303043730A00732C4A;
			remoteInfo = SPDFV;
		};
/* End PBXContainerItemProxy section */

/* Begin PBXCopyFilesBuildPhase section */
		D10000000000000000000018 /* Copy Queue Runner */ = {
			isa = PBXCopyFilesBuildPhase;
			buildActionMask = 2147483647;
			dstPath = Contents/Resources;
			dstSubfolderSpec = 1;
			files = (
				D10000000000000000000003 /* SPDFVQueueRunner in Copy Queue Runner */,
			);
			name = "Copy Queue Runner";
			runOnlyForDeploymentPostprocessing = 0;
		};
		D10000000000000000000019 /* Copy Launch Agent */ = {
			isa = PBXCopyFilesBuildPhase;
			buildActionMask = 2147483647;
			dstPath = Contents/Library/LaunchAgents;
			dstSubfolderSpec = 1;
			files = (
				D10000000000000000000005 /* SPDFV/com.x3nllc.SPDFV.QueueRunner.plist in Copy Launch Agent */,
			);
			name = "Copy Launch Agent";
			runOnlyForDeploymentPostprocessing = 0;
		};
/* End PBXCopyFilesBuildPhase section */

/* Begin PBXFileReference section */
		A40000000000000000000001 /* SPDFVUITests.xctest */ = {isa = PBXFileReference; explicitFileType = wrapper.cfbundle; includeInIndex = 0; path = SPDFVUITests.xctest; sourceTree = BUILT_PRODUCTS_DIR; };
		B50000000000000000000005 /* SPDFV Reader.app */ = {isa = PBXFileReference; explicitFileType = wrapper.application; includeInIndex = 0; path = "SPDFV Reader.app"; sourceTree = BUILT_PRODUCTS_DIR; };
		B5000000000000000000000B /* LICENSE */ = {isa = PBXFileReference; lastKnownFileType = text; path = LICENSE; sourceTree = SOURCE_ROOT; };
		C9F489313043730A00732C4A /* SPDFV.app */ = {isa = PBXFileReference; explicitFileType = wrapper.application; includeInIndex = 0; path = SPDFV.app; sourceTree = BUILT_PRODUCTS_DIR; };
		D10000000000000000000001 /* SPDFVQueueRunner */ = {isa = PBXFileReference; explicitFileType = "compiled.mach-o.executable"; includeInIndex = 0; path = SPDFVQueueRunner; sourceTree = BUILT_PRODUCTS_DIR; };
		D10000000000000000000004 /* SPDFV/com.x3nllc.SPDFV.QueueRunner.plist */ = {isa = PBXFileReference; lastKnownFileType = text.plist.xml; path = SPDFV/com.x3nllc.SPDFV.QueueRunner.plist; sourceTree = SOURCE_ROOT; };
		F30000000000000000000001 /* SPDFVTests.xctest */ = {isa = PBXFileReference; explicitFileType = wrapper.cfbundle; includeInIndex = 0; path = SPDFVTests.xctest; sourceTree = BUILT_PRODUCTS_DIR; };
/* End PBXFileReference section */

/* Begin PBXFileSystemSynchronizedBuildFileExceptionSet section */
		B50000000000000000000007 /* Exceptions for "SPDFV" folder in "SPDFV Reader" target */ = {
			isa = PBXFileSystemSynchronizedBuildFileExceptionSet;
			membershipExceptions = (
				com.x3nllc.SPDFV.QueueRunner.plist,
				Info.plist,
				ReaderInfo.plist,
				SPDFVApp.swift,
				SPDFVAutomationIntents.swift,
				UpdaterController.swift,
			);
			target = B50000000000000000000006 /* SPDFV Reader */;
		};
		C9F489403043730B00732C4A /* Exceptions for "SPDFV" folder in "SPDFV" target */ = {
			isa = PBXFileSystemSynchronizedBuildFileExceptionSet;
			membershipExceptions = (
				com.x3nllc.SPDFV.QueueRunner.plist,
				Info.plist,
				ReaderInfo.plist,
				SPDFVReaderApp.swift,
			);
			target = C9F489303043730A00732C4A /* SPDFV */;
		};
/* End PBXFileSystemSynchronizedBuildFileExceptionSet section */

/* Begin PBXFileSystemSynchronizedRootGroup section */
		A40000000000000000000002 /* SPDFVUITests */ = {
			isa = PBXFileSystemSynchronizedRootGroup;
			path = SPDFVUITests;
			sourceTree = "<group>";
		};
		C9F489333043730A00732C4A /* SPDFV */ = {
			isa = PBXFileSystemSynchronizedRootGroup;
			exceptions = (
				C9F489403043730B00732C4A /* Exceptions for "SPDFV" folder in "SPDFV" target */,
				B50000000000000000000007 /* Exceptions for "SPDFV" folder in "SPDFV Reader" target */,
			);
			path = SPDFV;
			sourceTree = "<group>";
		};
		D10000000000000000000006 /* QueueRunner */ = {
			isa = PBXFileSystemSynchronizedRootGroup;
			path = QueueRunner;
			sourceTree = "<group>";
		};
		F30000000000000000000002 /* SPDFVTests */ = {
			isa = PBXFileSystemSynchronizedRootGroup;
			path = SPDFVTests;
			sourceTree = "<group>";
		};
/* End PBXFileSystemSynchronizedRootGroup section */

/* Begin PBXFrameworksBuildPhase section */
		A40000000000000000000005 /* Frameworks */ = {
			isa = PBXFrameworksBuildPhase;
			buildActionMask = 2147483647;
			files = (
			);
			runOnlyForDeploymentPostprocessing = 0;
		};
		B50000000000000000000002 /* Frameworks */ = {
			isa = PBXFrameworksBuildPhase;
			buildActionMask = 2147483647;
			files = (
				B50000000000000000000004 /* SPDFVCore in Frameworks */,
			);
			runOnlyForDeploymentPostprocessing = 0;
		};
		C9F4892E3043730A00732C4A /* Frameworks */ = {
			isa = PBXFrameworksBuildPhase;
			buildActionMask = 2147483647;
			files = (
				A1B2C3D4E5F6000000000001 /* SPDFVCore in Frameworks */,
				E20000000000000000000001 /* Sparkle in Frameworks */,
			);
			runOnlyForDeploymentPostprocessing = 0;
		};
		D10000000000000000000012 /* Frameworks */ = {
			isa = PBXFrameworksBuildPhase;
			buildActionMask = 2147483647;
			files = (
				D10000000000000000000002 /* SPDFVCore in Frameworks */,
			);
			runOnlyForDeploymentPostprocessing = 0;
		};
		F30000000000000000000005 /* Frameworks */ = {
			isa = PBXFrameworksBuildPhase;
			buildActionMask = 2147483647;
			files = (
			);
			runOnlyForDeploymentPostprocessing = 0;
		};
/* End PBXFrameworksBuildPhase section */

/* Begin PBXGroup section */
		C9F489283043730A00732C4A = {
			isa = PBXGroup;
			children = (
				C9F489333043730A00732C4A /* SPDFV */,
				D10000000000000000000006 /* QueueRunner */,
				F30000000000000000000002 /* SPDFVTests */,
				A40000000000000000000002 /* SPDFVUITests */,
				C9F489323043730A00732C4A /* Products */,
				C9F48A303046078E00732C4A /* Recovered References */,
			);
			sourceTree = "<group>";
		};
		C9F489323043730A00732C4A /* Products */ = {
			isa = PBXGroup;
			children = (
				C9F489313043730A00732C4A /* SPDFV.app */,
				B50000000000000000000005 /* SPDFV Reader.app */,
				D10000000000000000000001 /* SPDFVQueueRunner */,
				F30000000000000000000001 /* SPDFVTests.xctest */,
				A40000000000000000000001 /* SPDFVUITests.xctest */,
			);
			name = Products;
			sourceTree = "<group>";
		};
		C9F48A303046078E00732C4A /* Recovered References */ = {
			isa = PBXGroup;
			children = (
				B5000000000000000000000B /* LICENSE */,
				D10000000000000000000004 /* SPDFV/com.x3nllc.SPDFV.QueueRunner.plist */,
			);
			name = "Recovered References";
			sourceTree = "<group>";
		};
/* End PBXGroup section */

/* Begin PBXNativeTarget section */
		A40000000000000000000003 /* SPDFVUITests */ = {
			isa = PBXNativeTarget;
			buildConfigurationList = A4000000000000000000000B /* Build configuration list for PBXNativeTarget "SPDFVUITests" */;
			buildPhases = (
				A40000000000000000000004 /* Sources */,
				A40000000000000000000005 /* Frameworks */,
				A40000000000000000000006 /* Resources */,
			);
			buildRules = (
			);
			dependencies = (
				A40000000000000000000008 /* PBXTargetDependency */,
			);
			fileSystemSynchronizedGroups = (
				A40000000000000000000002 /* SPDFVUITests */,
			);
			name = SPDFVUITests;
			packageProductDependencies = (
			);
			productName = SPDFVUITests;
			productReference = A40000000000000000000001 /* SPDFVUITests.xctest */;
			productType = "com.apple.product-type.bundle.ui-testing";
		};
		B50000000000000000000006 /* SPDFV Reader */ = {
			isa = PBXNativeTarget;
			buildConfigurationList = B5000000000000000000000A /* Build configuration list for PBXNativeTarget "SPDFV Reader" */;
			buildPhases = (
				B50000000000000000000001 /* Sources */,
				B50000000000000000000002 /* Frameworks */,
				B50000000000000000000003 /* Resources */,
			);
			buildRules = (
			);
			dependencies = (
			);
			fileSystemSynchronizedGroups = (
				C9F489333043730A00732C4A /* SPDFV */,
			);
			name = "SPDFV Reader";
			packageProductDependencies = (
				A1B2C3D4E5F6000000000003 /* SPDFVCore */,
			);
			productName = "SPDFV Reader";
			productReference = B50000000000000000000005 /* SPDFV Reader.app */;
			productType = "com.apple.product-type.application";
		};
		C9F489303043730A00732C4A /* SPDFV */ = {
			isa = PBXNativeTarget;
			buildConfigurationList = C9F4893C3043730B00732C4A /* Build configuration list for PBXNativeTarget "SPDFV" */;
			buildPhases = (
				C9F4892D3043730A00732C4A /* Sources */,
				C9F4892E3043730A00732C4A /* Frameworks */,
				C9F4892F3043730A00732C4A /* Resources */,
				D10000000000000000000018 /* Copy Queue Runner */,
				D10000000000000000000019 /* Copy Launch Agent */,
			);
			buildRules = (
			);
			dependencies = (
				D10000000000000000000017 /* PBXTargetDependency */,
			);
			fileSystemSynchronizedGroups = (
				C9F489333043730A00732C4A /* SPDFV */,
			);
			name = SPDFV;
			packageProductDependencies = (
				A1B2C3D4E5F6000000000003 /* SPDFVCore */,
				E20000000000000000000002 /* Sparkle */,
			);
			productName = SPDFV;
			productReference = C9F489313043730A00732C4A /* SPDFV.app */;
			productType = "com.apple.product-type.application";
		};
		D10000000000000000000010 /* SPDFVQueueRunner */ = {
			isa = PBXNativeTarget;
			buildConfigurationList = D10000000000000000000015 /* Build configuration list for PBXNativeTarget "SPDFVQueueRunner" */;
			buildPhases = (
				D10000000000000000000011 /* Sources */,
				D10000000000000000000012 /* Frameworks */,
			);
			buildRules = (
			);
			dependencies = (
			);
			fileSystemSynchronizedGroups = (
				D10000000000000000000006 /* QueueRunner */,
			);
			name = SPDFVQueueRunner;
			packageProductDependencies = (
				A1B2C3D4E5F6000000000003 /* SPDFVCore */,
			);
			productName = SPDFVQueueRunner;
			productReference = D10000000000000000000001 /* SPDFVQueueRunner */;
			productType = "com.apple.product-type.tool";
		};
		F30000000000000000000003 /* SPDFVTests */ = {
			isa = PBXNativeTarget;
			buildConfigurationList = F3000000000000000000000B /* Build configuration list for PBXNativeTarget "SPDFVTests" */;
			buildPhases = (
				F30000000000000000000004 /* Sources */,
				F30000000000000000000005 /* Frameworks */,
				F30000000000000000000006 /* Resources */,
			);
			buildRules = (
			);
			dependencies = (
				F30000000000000000000008 /* PBXTargetDependency */,
			);
			fileSystemSynchronizedGroups = (
				F30000000000000000000002 /* SPDFVTests */,
			);
			name = SPDFVTests;
			packageProductDependencies = (
			);
			productName = SPDFVTests;
			productReference = F30000000000000000000001 /* SPDFVTests.xctest */;
			productType = "com.apple.product-type.bundle.unit-test";
		};
/* End PBXNativeTarget section */

/* Begin PBXProject section */
		C9F489293043730A00732C4A /* Project object */ = {
			isa = PBXProject;
			attributes = {
				BuildIndependentTargetsInParallel = 1;
				LastSwiftUpdateCheck = 2660;
				LastUpgradeCheck = 2660;
				TargetAttributes = {
					A40000000000000000000003 = {
						CreatedOnToolsVersion = 26.6;
						TestTargetID = C9F489303043730A00732C4A;
					};
					B50000000000000000000006 = {
						CreatedOnToolsVersion = 26.6;
					};
					C9F489303043730A00732C4A = {
						CreatedOnToolsVersion = 26.6;
					};
					D10000000000000000000010 = {
						CreatedOnToolsVersion = 26.6;
					};
					F30000000000000000000003 = {
						CreatedOnToolsVersion = 26.6;
						TestTargetID = C9F489303043730A00732C4A;
					};
				};
			};
			buildConfigurationList = C9F4892C3043730A00732C4A /* Build configuration list for PBXProject "SPDFV" */;
			developmentRegion = en;
			hasScannedForEncodings = 0;
			knownRegions = (
				en,
				Base,
			);
			mainGroup = C9F489283043730A00732C4A;
			minimizedProjectReferenceProxies = 1;
			packageReferences = (
				A1B2C3D4E5F6000000000002 /* XCLocalSwiftPackageReference "Core" */,
				C9F48A5F304607FC00732C4A /* XCRemoteSwiftPackageReference "Sparkle" */,
			);
			preferredProjectObjectVersion = 77;
			productRefGroup = C9F489323043730A00732C4A /* Products */;
			projectDirPath = "";
			projectRoot = "";
			targets = (
				C9F489303043730A00732C4A /* SPDFV */,
				B50000000000000000000006 /* SPDFV Reader */,
				D10000000000000000000010 /* SPDFVQueueRunner */,
				F30000000000000000000003 /* SPDFVTests */,
				A40000000000000000000003 /* SPDFVUITests */,
			);
		};
/* End PBXProject section */

/* Begin PBXResourcesBuildPhase section */
		A40000000000000000000006 /* Resources */ = {
			isa = PBXResourcesBuildPhase;
			buildActionMask = 2147483647;
			files = (
			);
			runOnlyForDeploymentPostprocessing = 0;
		};
		B50000000000000000000003 /* Resources */ = {
			isa = PBXResourcesBuildPhase;
			buildActionMask = 2147483647;
			files = (
				B5000000000000000000000C /* LICENSE in Resources */,
			);
			runOnlyForDeploymentPostprocessing = 0;
		};
		C9F4892F3043730A00732C4A /* Resources */ = {
			isa = PBXResourcesBuildPhase;
			buildActionMask = 2147483647;
			files = (
				B5000000000000000000000D /* LICENSE in Resources */,
			);
			runOnlyForDeploymentPostprocessing = 0;
		};
		F30000000000000000000006 /* Resources */ = {
			isa = PBXResourcesBuildPhase;
			buildActionMask = 2147483647;
			files = (
			);
			runOnlyForDeploymentPostprocessing = 0;
		};
/* End PBXResourcesBuildPhase section */

/* Begin PBXSourcesBuildPhase section */
		A40000000000000000000004 /* Sources */ = {
			isa = PBXSourcesBuildPhase;
			buildActionMask = 2147483647;
			files = (
			);
			runOnlyForDeploymentPostprocessing = 0;
		};
		B50000000000000000000001 /* Sources */ = {
			isa = PBXSourcesBuildPhase;
			buildActionMask = 2147483647;
			files = (
			);
			runOnlyForDeploymentPostprocessing = 0;
		};
		C9F4892D3043730A00732C4A /* Sources */ = {
			isa = PBXSourcesBuildPhase;
			buildActionMask = 2147483647;
			files = (
			);
			runOnlyForDeploymentPostprocessing = 0;
		};
		D10000000000000000000011 /* Sources */ = {
			isa = PBXSourcesBuildPhase;
			buildActionMask = 2147483647;
			files = (
			);
			runOnlyForDeploymentPostprocessing = 0;
		};
		F30000000000000000000004 /* Sources */ = {
			isa = PBXSourcesBuildPhase;
			buildActionMask = 2147483647;
			files = (
			);
			runOnlyForDeploymentPostprocessing = 0;
		};
/* End PBXSourcesBuildPhase section */

/* Begin PBXTargetDependency section */
		A40000000000000000000008 /* PBXTargetDependency */ = {
			isa = PBXTargetDependency;
			target = C9F489303043730A00732C4A /* SPDFV */;
			targetProxy = A40000000000000000000007 /* PBXContainerItemProxy */;
		};
		D10000000000000000000017 /* PBXTargetDependency */ = {
			isa = PBXTargetDependency;
			target = D10000000000000000000010 /* SPDFVQueueRunner */;
			targetProxy = D10000000000000000000016 /* PBXContainerItemProxy */;
		};
		F30000000000000000000008 /* PBXTargetDependency */ = {
			isa = PBXTargetDependency;
			target = C9F489303043730A00732C4A /* SPDFV */;
			targetProxy = F30000000000000000000007 /* PBXContainerItemProxy */;
		};
/* End PBXTargetDependency section */

/* Begin XCBuildConfiguration section */
		A40000000000000000000009 /* Debug */ = {
			isa = XCBuildConfiguration;
			buildSettings = {
				CODE_SIGN_STYLE = Automatic;
				CURRENT_PROJECT_VERSION = 1;
				DEVELOPMENT_TEAM = HT5B666N35;
				GENERATE_INFOPLIST_FILE = YES;
				MACOSX_DEPLOYMENT_TARGET = 14.0;
				MARKETING_VERSION = 1.0;
				PRODUCT_BUNDLE_IDENTIFIER = com.x3nllc.SPDFVUITests;
				PRODUCT_NAME = "$(TARGET_NAME)";
				SDKROOT = macosx;
				SWIFT_DEFAULT_ACTOR_ISOLATION = MainActor;
				SWIFT_VERSION = 5.0;
				TEST_TARGET_NAME = SPDFV;
			};
			name = Debug;
		};
		A4000000000000000000000A /* Release */ = {
			isa = XCBuildConfiguration;
			buildSettings = {
				CODE_SIGN_STYLE = Automatic;
				CURRENT_PROJECT_VERSION = 1;
				DEVELOPMENT_TEAM = HT5B666N35;
				GENERATE_INFOPLIST_FILE = YES;
				MACOSX_DEPLOYMENT_TARGET = 14.0;
				MARKETING_VERSION = 1.0;
				PRODUCT_BUNDLE_IDENTIFIER = com.x3nllc.SPDFVUITests;
				PRODUCT_NAME = "$(TARGET_NAME)";
				SDKROOT = macosx;
				SWIFT_DEFAULT_ACTOR_ISOLATION = MainActor;
				SWIFT_VERSION = 5.0;
				TEST_TARGET_NAME = SPDFV;
			};
			name = Release;
		};
		B50000000000000000000008 /* Debug */ = {
			isa = XCBuildConfiguration;
			buildSettings = {
				ASSETCATALOG_COMPILER_APPICON_NAME = AppIcon;
				ASSETCATALOG_COMPILER_GLOBAL_ACCENT_COLOR_NAME = AccentColor;
				CODE_SIGN_ENTITLEMENTS = SPDFVReader.entitlements;
				"CODE_SIGN_IDENTITY[sdk=macosx*]" = "Apple Development";
				CODE_SIGN_STYLE = Automatic;
				COMBINE_HIDPI_IMAGES = YES;
				CURRENT_PROJECT_VERSION = 1;
				DEVELOPMENT_TEAM = HT5B666N35;
				ENABLE_APP_SANDBOX = YES;
				ENABLE_HARDENED_RUNTIME = YES;
				ENABLE_PREVIEWS = YES;
				ENABLE_PRINTING = YES;
				ENABLE_RESOURCE_ACCESS_PRINTING = YES;
				ENABLE_USER_SELECTED_FILES = readwrite;
				GENERATE_INFOPLIST_FILE = YES;
				INFOPLIST_FILE = SPDFV/ReaderInfo.plist;
				INFOPLIST_KEY_CFBundleDisplayName = "SPDFV - PDF Reader";
				INFOPLIST_KEY_LSApplicationCategoryType = "public.app-category.productivity";
				INFOPLIST_KEY_NSHumanReadableCopyright = "Copyright © 2026 X3N LLC";
				LD_RUNPATH_SEARCH_PATHS = (
					"$(inherited)",
					"@executable_path/../Frameworks",
				);
				MARKETING_VERSION = 1.0;
				PRODUCT_BUNDLE_IDENTIFIER = com.x3nllc.SPDFV.Reader;
				PRODUCT_NAME = "SPDFV Reader";
				STRING_CATALOG_GENERATE_SYMBOLS = YES;
				SWIFT_ACTIVE_COMPILATION_CONDITIONS = "DEBUG SPDFV_APP_STORE $(inherited)";
				SWIFT_APPROACHABLE_CONCURRENCY = YES;
				SWIFT_DEFAULT_ACTOR_ISOLATION = MainActor;
				SWIFT_EMIT_LOC_STRINGS = YES;
				SWIFT_UPCOMING_FEATURE_MEMBER_IMPORT_VISIBILITY = YES;
				SWIFT_VERSION = 5.0;
			};
			name = Debug;
		};
		B50000000000000000000009 /* Release */ = {
			isa = XCBuildConfiguration;
			buildSettings = {
				ASSETCATALOG_COMPILER_APPICON_NAME = AppIcon;
				ASSETCATALOG_COMPILER_GLOBAL_ACCENT_COLOR_NAME = AccentColor;
				CODE_SIGN_ENTITLEMENTS = SPDFVReader.entitlements;
				"CODE_SIGN_IDENTITY[sdk=macosx*]" = "Apple Development";
				CODE_SIGN_STYLE = Automatic;
				COMBINE_HIDPI_IMAGES = YES;
				CURRENT_PROJECT_VERSION = 1;
				DEVELOPMENT_TEAM = HT5B666N35;
				ENABLE_APP_SANDBOX = YES;
				ENABLE_HARDENED_RUNTIME = YES;
				ENABLE_PREVIEWS = YES;
				ENABLE_PRINTING = YES;
				ENABLE_RESOURCE_ACCESS_PRINTING = YES;
				ENABLE_USER_SELECTED_FILES = readwrite;
				GENERATE_INFOPLIST_FILE = YES;
				INFOPLIST_FILE = SPDFV/ReaderInfo.plist;
				INFOPLIST_KEY_CFBundleDisplayName = "SPDFV - PDF Reader";
				INFOPLIST_KEY_LSApplicationCategoryType = "public.app-category.productivity";
				INFOPLIST_KEY_NSHumanReadableCopyright = "Copyright © 2026 X3N LLC";
				LD_RUNPATH_SEARCH_PATHS = (
					"$(inherited)",
					"@executable_path/../Frameworks",
				);
				MARKETING_VERSION = 1.0;
				PRODUCT_BUNDLE_IDENTIFIER = com.x3nllc.SPDFV.Reader;
				PRODUCT_NAME = "SPDFV Reader";
				STRING_CATALOG_GENERATE_SYMBOLS = YES;
				SWIFT_ACTIVE_COMPILATION_CONDITIONS = "SPDFV_APP_STORE $(inherited)";
				SWIFT_APPROACHABLE_CONCURRENCY = YES;
				SWIFT_DEFAULT_ACTOR_ISOLATION = MainActor;
				SWIFT_EMIT_LOC_STRINGS = YES;
				SWIFT_UPCOMING_FEATURE_MEMBER_IMPORT_VISIBILITY = YES;
				SWIFT_VERSION = 5.0;
			};
			name = Release;
		};
		C9F4893A3043730B00732C4A /* Debug */ = {
			isa = XCBuildConfiguration;
			buildSettings = {
				ALWAYS_SEARCH_USER_PATHS = NO;
				ASSETCATALOG_COMPILER_GENERATE_SWIFT_ASSET_SYMBOL_EXTENSIONS = YES;
				CLANG_ANALYZER_NONNULL = YES;
				CLANG_ANALYZER_NUMBER_OBJECT_CONVERSION = YES_AGGRESSIVE;
				CLANG_CXX_LANGUAGE_STANDARD = "gnu++20";
				CLANG_ENABLE_MODULES = YES;
				CLANG_ENABLE_OBJC_ARC = YES;
				CLANG_ENABLE_OBJC_WEAK = YES;
				CLANG_WARN_BLOCK_CAPTURE_AUTORELEASING = YES;
				CLANG_WARN_BOOL_CONVERSION = YES;
				CLANG_WARN_COMMA = YES;
				CLANG_WARN_CONSTANT_CONVERSION = YES;
				CLANG_WARN_DEPRECATED_OBJC_IMPLEMENTATIONS = YES;
				CLANG_WARN_DIRECT_OBJC_ISA_USAGE = YES_ERROR;
				CLANG_WARN_DOCUMENTATION_COMMENTS = YES;
				CLANG_WARN_EMPTY_BODY = YES;
				CLANG_WARN_ENUM_CONVERSION = YES;
				CLANG_WARN_INFINITE_RECURSION = YES;
				CLANG_WARN_INT_CONVERSION = YES;
				CLANG_WARN_NON_LITERAL_NULL_CONVERSION = YES;
				CLANG_WARN_OBJC_IMPLICIT_RETAIN_SELF = YES;
				CLANG_WARN_OBJC_LITERAL_CONVERSION = YES;
				CLANG_WARN_OBJC_ROOT_CLASS = YES_ERROR;
				CLANG_WARN_QUOTED_INCLUDE_IN_FRAMEWORK_HEADER = YES;
				CLANG_WARN_RANGE_LOOP_ANALYSIS = YES;
				CLANG_WARN_STRICT_PROTOTYPES = YES;
				CLANG_WARN_SUSPICIOUS_MOVE = YES;
				CLANG_WARN_UNGUARDED_AVAILABILITY = YES_AGGRESSIVE;
				CLANG_WARN_UNREACHABLE_CODE = YES;
				CLANG_WARN__DUPLICATE_METHOD_MATCH = YES;
				COPY_PHASE_STRIP = NO;
				DEBUG_INFORMATION_FORMAT = dwarf;
				DEVELOPMENT_TEAM = HT5B666N35;
				ENABLE_STRICT_OBJC_MSGSEND = YES;
				ENABLE_TESTABILITY = YES;
				ENABLE_USER_SCRIPT_SANDBOXING = YES;
				GCC_C_LANGUAGE_STANDARD = gnu17;
				GCC_DYNAMIC_NO_PIC = NO;
				GCC_NO_COMMON_BLOCKS = YES;
				GCC_OPTIMIZATION_LEVEL = 0;
				GCC_PREPROCESSOR_DEFINITIONS = (
					"DEBUG=1",
					"$(inherited)",
				);
				GCC_WARN_64_TO_32_BIT_CONVERSION = YES;
				GCC_WARN_ABOUT_RETURN_TYPE = YES_ERROR;
				GCC_WARN_UNDECLARED_SELECTOR = YES;
				GCC_WARN_UNINITIALIZED_AUTOS = YES_AGGRESSIVE;
				GCC_WARN_UNUSED_FUNCTION = YES;
				GCC_WARN_UNUSED_VARIABLE = YES;
				LOCALIZATION_PREFERS_STRING_CATALOGS = YES;
				MACOSX_DEPLOYMENT_TARGET = 14.0;
				MTL_ENABLE_DEBUG_INFO = INCLUDE_SOURCE;
				MTL_FAST_MATH = YES;
				ONLY_ACTIVE_ARCH = YES;
				SDKROOT = macosx;
				SWIFT_ACTIVE_COMPILATION_CONDITIONS = "DEBUG $(inherited)";
				SWIFT_OPTIMIZATION_LEVEL = "-Onone";
			};
			name = Debug;
		};
		C9F4893B3043730B00732C4A /* Release */ = {
			isa = XCBuildConfiguration;
			buildSettings = {
				ALWAYS_SEARCH_USER_PATHS = NO;
				ASSETCATALOG_COMPILER_GENERATE_SWIFT_ASSET_SYMBOL_EXTENSIONS = YES;
				CLANG_ANALYZER_NONNULL = YES;
				CLANG_ANALYZER_NUMBER_OBJECT_CONVERSION = YES_AGGRESSIVE;
				CLANG_CXX_LANGUAGE_STANDARD = "gnu++20";
				CLANG_ENABLE_MODULES = YES;
				CLANG_ENABLE_OBJC_ARC = YES;
				CLANG_ENABLE_OBJC_WEAK = YES;
				CLANG_WARN_BLOCK_CAPTURE_AUTORELEASING = YES;
				CLANG_WARN_BOOL_CONVERSION = YES;
				CLANG_WARN_COMMA = YES;
				CLANG_WARN_CONSTANT_CONVERSION = YES;
				CLANG_WARN_DEPRECATED_OBJC_IMPLEMENTATIONS = YES;
				CLANG_WARN_DIRECT_OBJC_ISA_USAGE = YES_ERROR;
				CLANG_WARN_DOCUMENTATION_COMMENTS = YES;
				CLANG_WARN_EMPTY_BODY = YES;
				CLANG_WARN_ENUM_CONVERSION = YES;
				CLANG_WARN_INFINITE_RECURSION = YES;
				CLANG_WARN_INT_CONVERSION = YES;
				CLANG_WARN_NON_LITERAL_NULL_CONVERSION = YES;
				CLANG_WARN_OBJC_IMPLICIT_RETAIN_SELF = YES;
				CLANG_WARN_OBJC_LITERAL_CONVERSION = YES;
				CLANG_WARN_OBJC_ROOT_CLASS = YES_ERROR;
				CLANG_WARN_QUOTED_INCLUDE_IN_FRAMEWORK_HEADER = YES;
				CLANG_WARN_RANGE_LOOP_ANALYSIS = YES;
				CLANG_WARN_STRICT_PROTOTYPES = YES;
				CLANG_WARN_SUSPICIOUS_MOVE = YES;
				CLANG_WARN_UNGUARDED_AVAILABILITY = YES_AGGRESSIVE;
				CLANG_WARN_UNREACHABLE_CODE = YES;
				CLANG_WARN__DUPLICATE_METHOD_MATCH = YES;
				COPY_PHASE_STRIP = NO;
				DEBUG_INFORMATION_FORMAT = "dwarf-with-dsym";
				DEVELOPMENT_TEAM = HT5B666N35;
				ENABLE_NS_ASSERTIONS = NO;
				ENABLE_STRICT_OBJC_MSGSEND = YES;
				ENABLE_USER_SCRIPT_SANDBOXING = YES;
				GCC_C_LANGUAGE_STANDARD = gnu17;
				GCC_NO_COMMON_BLOCKS = YES;
				GCC_WARN_64_TO_32_BIT_CONVERSION = YES;
				GCC_WARN_ABOUT_RETURN_TYPE = YES_ERROR;
				GCC_WARN_UNDECLARED_SELECTOR = YES;
				GCC_WARN_UNINITIALIZED_AUTOS = YES_AGGRESSIVE;
				GCC_WARN_UNUSED_FUNCTION = YES;
				GCC_WARN_UNUSED_VARIABLE = YES;
				LOCALIZATION_PREFERS_STRING_CATALOGS = YES;
				MACOSX_DEPLOYMENT_TARGET = 14.0;
				MTL_ENABLE_DEBUG_INFO = NO;
				MTL_FAST_MATH = YES;
				SDKROOT = macosx;
				SWIFT_COMPILATION_MODE = wholemodule;
			};
			name = Release;
		};
		C9F4893D3043730B00732C4A /* Debug */ = {
			isa = XCBuildConfiguration;
			buildSettings = {
				ASSETCATALOG_COMPILER_APPICON_NAME = AppIcon;
				ASSETCATALOG_COMPILER_GLOBAL_ACCENT_COLOR_NAME = AccentColor;
				CODE_SIGN_ENTITLEMENTS = SPDFV.entitlements;
				CODE_SIGN_STYLE = Automatic;
				COMBINE_HIDPI_IMAGES = YES;
				CURRENT_PROJECT_VERSION = 5;
				DEVELOPMENT_TEAM = HT5B666N35;
				ENABLE_APP_SANDBOX = YES;
				ENABLE_HARDENED_RUNTIME = YES;
				ENABLE_PREVIEWS = YES;
				ENABLE_PRINTING = YES;
				ENABLE_RESOURCE_ACCESS_PRINTING = YES;
				ENABLE_USER_SELECTED_FILES = readwrite;
				GENERATE_INFOPLIST_FILE = YES;
				INFOPLIST_FILE = SPDFV/Info.plist;
				INFOPLIST_KEY_NSHumanReadableCopyright = "Copyright © 2026 X3N LLC";
				LD_RUNPATH_SEARCH_PATHS = (
					"$(inherited)",
					"@executable_path/../Frameworks",
				);
				MARKETING_VERSION = 0.1.4;
				PRODUCT_BUNDLE_IDENTIFIER = com.x3nllc.SPDFV;
				PRODUCT_NAME = "$(TARGET_NAME)";
				REGISTER_APP_GROUPS = YES;
				STRING_CATALOG_GENERATE_SYMBOLS = YES;
				SWIFT_APPROACHABLE_CONCURRENCY = YES;
				SWIFT_DEFAULT_ACTOR_ISOLATION = MainActor;
				SWIFT_EMIT_LOC_STRINGS = YES;
				SWIFT_UPCOMING_FEATURE_MEMBER_IMPORT_VISIBILITY = YES;
				SWIFT_VERSION = 5.0;
			};
			name = Debug;
		};
		C9F4893E3043730B00732C4A /* Release */ = {
			isa = XCBuildConfiguration;
			buildSettings = {
				ASSETCATALOG_COMPILER_APPICON_NAME = AppIcon;
				ASSETCATALOG_COMPILER_GLOBAL_ACCENT_COLOR_NAME = AccentColor;
				CODE_SIGN_ENTITLEMENTS = SPDFV.entitlements;
				CODE_SIGN_STYLE = Automatic;
				COMBINE_HIDPI_IMAGES = YES;
				CURRENT_PROJECT_VERSION = 5;
				DEVELOPMENT_TEAM = HT5B666N35;
				ENABLE_APP_SANDBOX = YES;
				ENABLE_HARDENED_RUNTIME = YES;
				ENABLE_PREVIEWS = YES;
				ENABLE_PRINTING = YES;
				ENABLE_RESOURCE_ACCESS_PRINTING = YES;
				ENABLE_USER_SELECTED_FILES = readwrite;
				GENERATE_INFOPLIST_FILE = YES;
				INFOPLIST_FILE = SPDFV/Info.plist;
				INFOPLIST_KEY_NSHumanReadableCopyright = "Copyright © 2026 X3N LLC";
				LD_RUNPATH_SEARCH_PATHS = (
					"$(inherited)",
					"@executable_path/../Frameworks",
				);
				MARKETING_VERSION = 0.1.4;
				PRODUCT_BUNDLE_IDENTIFIER = com.x3nllc.SPDFV;
				PRODUCT_NAME = "$(TARGET_NAME)";
				REGISTER_APP_GROUPS = YES;
				STRING_CATALOG_GENERATE_SYMBOLS = YES;
				SWIFT_APPROACHABLE_CONCURRENCY = YES;
				SWIFT_DEFAULT_ACTOR_ISOLATION = MainActor;
				SWIFT_EMIT_LOC_STRINGS = YES;
				SWIFT_UPCOMING_FEATURE_MEMBER_IMPORT_VISIBILITY = YES;
				SWIFT_VERSION = 5.0;
			};
			name = Release;
		};
		D10000000000000000000013 /* Debug */ = {
			isa = XCBuildConfiguration;
			buildSettings = {
				CODE_SIGN_STYLE = Automatic;
				CURRENT_PROJECT_VERSION = 5;
				DEVELOPMENT_TEAM = HT5B666N35;
				ENABLE_APP_SANDBOX = NO;
				ENABLE_HARDENED_RUNTIME = YES;
				MACOSX_DEPLOYMENT_TARGET = 14.0;
				MARKETING_VERSION = 0.1.4;
				PRODUCT_BUNDLE_IDENTIFIER = com.x3nllc.SPDFV.QueueRunner;
				PRODUCT_NAME = "$(TARGET_NAME)";
				SDKROOT = macosx;
				SKIP_INSTALL = YES;
				SWIFT_VERSION = 5.0;
			};
			name = Debug;
		};
		D10000000000000000000014 /* Release */ = {
			isa = XCBuildConfiguration;
			buildSettings = {
				CODE_SIGN_STYLE = Automatic;
				CURRENT_PROJECT_VERSION = 5;
				DEVELOPMENT_TEAM = HT5B666N35;
				ENABLE_APP_SANDBOX = NO;
				ENABLE_HARDENED_RUNTIME = YES;
				MACOSX_DEPLOYMENT_TARGET = 14.0;
				MARKETING_VERSION = 0.1.4;
				PRODUCT_BUNDLE_IDENTIFIER = com.x3nllc.SPDFV.QueueRunner;
				PRODUCT_NAME = "$(TARGET_NAME)";
				SDKROOT = macosx;
				SKIP_INSTALL = YES;
				SWIFT_VERSION = 5.0;
			};
			name = Release;
		};
		F30000000000000000000009 /* Debug */ = {
			isa = XCBuildConfiguration;
			buildSettings = {
				BUNDLE_LOADER = "$(TEST_HOST)";
				CODE_SIGN_STYLE = Automatic;
				CURRENT_PROJECT_VERSION = 1;
				DEVELOPMENT_TEAM = HT5B666N35;
				GENERATE_INFOPLIST_FILE = YES;
				MACOSX_DEPLOYMENT_TARGET = 14.0;
				MARKETING_VERSION = 1.0;
				PRODUCT_BUNDLE_IDENTIFIER = com.x3nllc.SPDFVTests;
				PRODUCT_NAME = "$(TARGET_NAME)";
				SDKROOT = macosx;
				SWIFT_DEFAULT_ACTOR_ISOLATION = MainActor;
				SWIFT_VERSION = 5.0;
				TEST_HOST = "$(BUILT_PRODUCTS_DIR)/SPDFV.app/Contents/MacOS/SPDFV";
			};
			name = Debug;
		};
		F3000000000000000000000A /* Release */ = {
			isa = XCBuildConfiguration;
			buildSettings = {
				BUNDLE_LOADER = "$(TEST_HOST)";
				CODE_SIGN_STYLE = Automatic;
				CURRENT_PROJECT_VERSION = 1;
				DEVELOPMENT_TEAM = HT5B666N35;
				GENERATE_INFOPLIST_FILE = YES;
				MACOSX_DEPLOYMENT_TARGET = 14.0;
				MARKETING_VERSION = 1.0;
				PRODUCT_BUNDLE_IDENTIFIER = com.x3nllc.SPDFVTests;
				PRODUCT_NAME = "$(TARGET_NAME)";
				SDKROOT = macosx;
				SWIFT_DEFAULT_ACTOR_ISOLATION = MainActor;
				SWIFT_VERSION = 5.0;
				TEST_HOST = "$(BUILT_PRODUCTS_DIR)/SPDFV.app/Contents/MacOS/SPDFV";
			};
			name = Release;
		};
/* End XCBuildConfiguration section */

/* Begin XCConfigurationList section */
		A4000000000000000000000B /* Build configuration list for PBXNativeTarget "SPDFVUITests" */ = {
			isa = XCConfigurationList;
			buildConfigurations = (
				A40000000000000000000009 /* Debug */,
				A4000000000000000000000A /* Release */,
			);
			defaultConfigurationIsVisible = 0;
			defaultConfigurationName = Release;
		};
		B5000000000000000000000A /* Build configuration list for PBXNativeTarget "SPDFV Reader" */ = {
			isa = XCConfigurationList;
			buildConfigurations = (
				B50000000000000000000008 /* Debug */,
				B50000000000000000000009 /* Release */,
			);
			defaultConfigurationIsVisible = 0;
			defaultConfigurationName = Release;
		};
		C9F4892C3043730A00732C4A /* Build configuration list for PBXProject "SPDFV" */ = {
			isa = XCConfigurationList;
			buildConfigurations = (
				C9F4893A3043730B00732C4A /* Debug */,
				C9F4893B3043730B00732C4A /* Release */,
			);
			defaultConfigurationIsVisible = 0;
			defaultConfigurationName = Release;
		};
		C9F4893C3043730B00732C4A /* Build configuration list for PBXNativeTarget "SPDFV" */ = {
			isa = XCConfigurationList;
			buildConfigurations = (
				C9F4893D3043730B00732C4A /* Debug */,
				C9F4893E3043730B00732C4A /* Release */,
			);
			defaultConfigurationIsVisible = 0;
			defaultConfigurationName = Release;
		};
		D10000000000000000000015 /* Build configuration list for PBXNativeTarget "SPDFVQueueRunner" */ = {
			isa = XCConfigurationList;
			buildConfigurations = (
				D10000000000000000000013 /* Debug */,
				D10000000000000000000014 /* Release */,
			);
			defaultConfigurationIsVisible = 0;
			defaultConfigurationName = Release;
		};
		F3000000000000000000000B /* Build configuration list for PBXNativeTarget "SPDFVTests" */ = {
			isa = XCConfigurationList;
			buildConfigurations = (
				F30000000000000000000009 /* Debug */,
				F3000000000000000000000A /* Release */,
			);
			defaultConfigurationIsVisible = 0;
			defaultConfigurationName = Release;
		};
/* End XCConfigurationList section */

/* Begin XCLocalSwiftPackageReference section */
		A1B2C3D4E5F6000000000002 /* XCLocalSwiftPackageReference "Core" */ = {
			isa = XCLocalSwiftPackageReference;
			relativePath = Core;
		};
/* End XCLocalSwiftPackageReference section */

/* Begin XCRemoteSwiftPackageReference section */
		C9F48A5F304607FC00732C4A /* XCRemoteSwiftPackageReference "Sparkle" */ = {
			isa = XCRemoteSwiftPackageReference;
			repositoryURL = "https://github.com/sparkle-project/Sparkle";
			requirement = {
				kind = upToNextMajorVersion;
				minimumVersion = 2.9.6;
			};
		};
/* End XCRemoteSwiftPackageReference section */

/* Begin XCSwiftPackageProductDependency section */
		A1B2C3D4E5F6000000000003 /* SPDFVCore */ = {
			isa = XCSwiftPackageProductDependency;
			package = A1B2C3D4E5F6000000000002 /* XCLocalSwiftPackageReference "Core" */;
			productName = SPDFVCore;
		};
		E20000000000000000000002 /* Sparkle */ = {
			isa = XCSwiftPackageProductDependency;
			package = C9F48A5F304607FC00732C4A /* XCRemoteSwiftPackageReference "Sparkle" */;
			productName = Sparkle;
		};
/* End XCSwiftPackageProductDependency section */
	};
	rootObject = C9F489293043730A00732C4A /* Project object */;
}
